
Microsoft Visual Studio Solution File, Format Version 12.00
# Visual Studio Version 17
VisualStudioVersion = 17.8.34330.188
MinimumVisualStudioVersion = 10.0.40219.1
Project("{FAE04EC0-301F-11D3-BF4B-00C04F79EFBC}") = "WishListBackend", "WishListBackend\WishListBackend.csproj", "{C3248F99-7184-463B-9607-392846A6EBE8}"
EndProject
Global
	GlobalSection(SolutionConfigurationPlatforms) = preSolution
		Debug|Any CPU = Debug|Any CPU
		Release|Any CPU = Release|Any CPU
	EndGlobalSection
	GlobalSection(ProjectConfigurationPlatforms) = postSolution
		{C3248F99-7184-463B-9607-392846A6EBE8}.Debug|Any CPU.ActiveCfg = Debug|Any CPU
		{C3248F99-7184-463B-9607-392846A6EBE8}.Debug|Any CPU.Build.0 = Debug|Any CPU
		{C3248F99-7184-463B-9607-392846A6EBE8}.Release|Any CPU.ActiveCfg = Release|Any CPU
		{C3248F99-7184-463B-9607-392846A6EBE8}.Release|Any CPU.Build.0 = Release|Any CPU
	EndGlobalSection
	GlobalSection(SolutionProperties) = preSolution
		HideSolutionNode = FALSE
	EndGlobalSection
	GlobalSection(ExtensibilityGlobals) = postSolution
		SolutionGuid = {CB92C68D-A2EE-4E4C-835E-3F2CF283AB38}
	EndGlobalSection
EndGlobal
